
Microsoft Visual Studio Solution File, Format Version 12.00
# Visual Studio 14
VisualStudioVersion = 14.0.25420.1
MinimumVisualStudioVersion = 10.0.40219.1
Project("{FAE04EC0-301F-11D3-BF4B-00C04F79EFBC}") = "Eferada", "Eferada\Eferada.csproj", "{4912BDE0-21BF-4CD3-9AB4-038349693FB2}"
EndProject
Project("{FAE04EC0-301F-11D3-BF4B-00C04F79EFBC}") = "Eferada.Tests", "Eferada.Tests\Eferada.Tests.csproj", "{F0FD7AB4-F463-4D04-86DD-05F8093511B1}"
EndProject
Global
	GlobalSection(SolutionConfigurationPlatforms) = preSolution
		Debug|Any CPU = Debug|Any CPU
		Release|Any CPU = Release|Any CPU
	EndGlobalSection
	GlobalSection(ProjectConfigurationPlatforms) = postSolution
		{4912BDE0-21BF-4CD3-9AB4-038349693FB2}.Debug|Any CPU.ActiveCfg = Debug|Any CPU
		{4912BDE0-21BF-4CD3-9AB4-038349693FB2}.Debug|Any CPU.Build.0 = Debug|Any CPU
		{4912BDE0-21BF-4CD3-9AB4-038349693FB2}.Release|Any CPU.ActiveCfg = Release|Any CPU
		{4912BDE0-21BF-4CD3-9AB4-038349693FB2}.Release|Any CPU.Build.0 = Release|Any CPU
		{F0FD7AB4-F463-4D04-86DD-05F8093511B1}.Debug|Any CPU.ActiveCfg = Debug|Any CPU
		{F0FD7AB4-F463-4D04-86DD-05F8093511B1}.Debug|Any CPU.Build.0 = Debug|Any CPU
		{F0FD7AB4-F463-4D04-86DD-05F8093511B1}.Release|Any CPU.ActiveCfg = Release|Any CPU
		{F0FD7AB4-F463-4D04-86DD-05F8093511B1}.Release|Any CPU.Build.0 = Release|Any CPU
	EndGlobalSection
	GlobalSection(SolutionProperties) = preSolution
		HideSolutionNode = FALSE
	EndGlobalSection
EndGlobal
